{
  "version": 4,
  "terraform_version": "1.6.4",
  "serial": 521,
  "lineage": "79f7c130-4631-6698-c919-816eb2f57f85",
  "outputs": {},
  "resources": [
    {
      "mode": "managed",
      "type": "aws_ecr_repository",
      "name": "my_ecr_repo",
      "provider": "provider[\"registry.terraform.io/hashicorp/aws\"]",
      "instances": [
        {
          "schema_version": 0,
          "attributes": {
            "arn": "arn:aws:ecr:us-east-1:667864223568:repository/studio-ghibli-ecr-repo",
            "encryption_configuration": [
              {
                "encryption_type": "AES256",
                "kms_key": ""
              }
            ],
            "force_delete": null,
            "id": "studio-ghibli-ecr-repo",
            "image_scanning_configuration": [
              {
                "scan_on_push": true
              }
            ],
            "image_tag_mutability": "IMMUTABLE",
            "name": "studio-ghibli-ecr-repo",
            "registry_id": "667864223568",
            "repository_url": "667864223568.dkr.ecr.us-east-1.amazonaws.com/studio-ghibli-ecr-repo",
            "tags": {
              "Name": "studio-ghibli-ecr-repo"
            },
            "tags_all": {
              "Name": "studio-ghibli-ecr-repo"
            },
            "timeouts": null
          },
          "sensitive_attributes": [],
          "private": "eyJlMmJmYjczMC1lY2FhLTExZTYtOGY4OC0zNDM2M2JjN2M0YzAiOnsiZGVsZXRlIjoxMjAwMDAwMDAwMDAwfX0="
        }
      ]
    }
  ],
  "check_results": null
}
